schema: '2.0'
stages:
  data_ingestion:
    cmd: python src/data_ingestion.py
    deps:
    - path: src/data_ingestion.py
      hash: md5
      md5: efc8b7b8bb3604219751583b2c012912
      size: 780
    params:
      params.yaml:
        data_ingestion.test_size: 0.3
    outs:
    - path: data/raw
      hash: md5
      md5: 3c6e386f6df003fa53ef8fe3807815e5.dir
      size: 887224
      nfiles: 2
  data_preprocessing:
    cmd: python src/data_preprocessing.py
    deps:
    - path: data/raw
      hash: md5
      md5: 3c6e386f6df003fa53ef8fe3807815e5.dir
      size: 887224
      nfiles: 2
    - path: src/data_preprocessing.py
      hash: md5
      md5: bc247dfa70b08fe250ff856adb36ff4a
      size: 2431
    outs:
    - path: data/processed
      hash: md5
      md5: 670bdedbde288ef786a713273d77b6ff.dir
      size: 681409
      nfiles: 2
  feature_engineering:
    cmd: python src/feature_engineering.py
    deps:
    - path: data/processed
      hash: md5
      md5: 670bdedbde288ef786a713273d77b6ff.dir
      size: 681409
      nfiles: 2
    - path: src/feature_engineering.py
      hash: md5
      md5: 2e71ca9c22f7c017fa14e0fdfbbe05d7
      size: 1355
    params:
      params.yaml:
        feature_engineering.max_features: 30
    outs:
    - path: data/features
      hash: md5
      md5: 723064ae6549e22ea76a643a77fe7850.dir
      size: 703388
      nfiles: 2
  model_building:
    cmd: python src/model_building.py
    deps:
    - path: data/features
      hash: md5
      md5: 723064ae6549e22ea76a643a77fe7850.dir
      size: 703388
      nfiles: 2
    - path: src/model_building.py
      hash: md5
      md5: 768a5e4c9d57def41a7f61b361a3adb0
      size: 604
    params:
      params.yaml:
        model_building.learning_rate: 0.1
        model_building.n_estimators: 100
    outs:
    - path: model.pkl
      hash: md5
      md5: c15eb78ae72a89608c176ae30339da1f
      size: 133993
  model_evaluation:
    cmd: python src/model_evaluation.py
    deps:
    - path: model.pkl
      hash: md5
      md5: c15eb78ae72a89608c176ae30339da1f
      size: 133993
    - path: src/model_evaluation.py
      hash: md5
      md5: 08b695ef34369042ef7b9deb2182713d
      size: 855
    outs:
    - path: metrics.json
      hash: md5
      md5: a7a46fc3ccba9d85b8a4f465c7849c3d
      size: 145
