schema: '2.0'
stages:
  data_ingestion:
    cmd: python src/data_ingestion.py
    deps:
    - path: src/data_ingestion.py
      hash: md5
      md5: f84444c7075c84a175f1a681188b5102
      size: 672
    outs:
    - path: data/raw
      hash: md5
      md5: b558868568c58d07b21917adba43f4c6.dir
      size: 887224
      nfiles: 2
  data_preprocessing:
    cmd: python src/data_preprocessing.py
    deps:
    - path: data/raw
      hash: md5
      md5: b558868568c58d07b21917adba43f4c6.dir
      size: 887224
      nfiles: 2
    - path: src/data_preprocessing.py
      hash: md5
      md5: bc247dfa70b08fe250ff856adb36ff4a
      size: 2431
    outs:
    - path: data/processed
      hash: md5
      md5: df7235544f9dd305137829d817d1e9f1.dir
      size: 681409
      nfiles: 2
  feature_engineering:
    cmd: python src/feature_engineering.py
    deps:
    - path: data/processed
      hash: md5
      md5: df7235544f9dd305137829d817d1e9f1.dir
      size: 681409
      nfiles: 2
    - path: src/feature_engineering.py
      hash: md5
      md5: 1e3ff3bfae635d90b071212b7d8b6fa0
      size: 1235
    outs:
    - path: data/features
      hash: md5
      md5: 6d7aef4013f8d8303bf21d81805593b8.dir
      size: 1118468
      nfiles: 2
  model_building:
    cmd: python src/model_building.py
    deps:
    - path: data/features
      hash: md5
      md5: 6d7aef4013f8d8303bf21d81805593b8.dir
      size: 1118468
      nfiles: 2
    - path: src/model_building.py
      hash: md5
      md5: cf3c4f1c396d59c500dfa993e6b5f3fd
      size: 466
    outs:
    - path: model.pkl
      hash: md5
      md5: 5fe87cf5b364fca6d32289d6c0e9b294
      size: 69574
  model_evaluation:
    cmd: python src/model_evaluation.py
    deps:
    - path: model.pkl
      hash: md5
      md5: 5fe87cf5b364fca6d32289d6c0e9b294
      size: 69574
    - path: src/model_evaluation.py
      hash: md5
      md5: 08b695ef34369042ef7b9deb2182713d
      size: 855
    outs:
    - path: metrics.json
      hash: md5
      md5: 0cd3f734239152b80607695c69c40a15
      size: 145
